
Microsoft Visual Studio Solution File, Format Version 12.00
# Visual Studio Version 17
VisualStudioVersion = 17.0.32014.148
MinimumVisualStudioVersion = 10.0.40219.1
Project("{9A19103F-16F7-4668-BE54-9A1E7A4F7556}") = "SampleApp", "SampleApp.csproj", "{57FC4A40-90DB-4600-8F6D-A6F71EC1F013}"
EndProject
Global
	GlobalSection(SolutionConfigurationPlatforms) = preSolution
		Debug|Any CPU = Debug|Any CPU
		Release|Any CPU = Release|Any CPU
	EndGlobalSection
	GlobalSection(ProjectConfigurationPlatforms) = postSolution
		{57FC4A40-90DB-4600-8F6D-A6F71EC1F013}.Debug|Any CPU.ActiveCfg = Debug|Any CPU
		{57FC4A40-90DB-4600-8F6D-A6F71EC1F013}.Debug|Any CPU.Build.0 = Debug|Any CPU
		{57FC4A40-90DB-4600-8F6D-A6F71EC1F013}.Release|Any CPU.ActiveCfg = Release|Any CPU
		{57FC4A40-90DB-4600-8F6D-A6F71EC1F013}.Release|Any CPU.Build.0 = Release|Any CPU
	EndGlobalSection
	GlobalSection(SolutionProperties) = preSolution
		HideSolutionNode = FALSE
	EndGlobalSection
	GlobalSection(ExtensibilityGlobals) = postSolution
		SolutionGuid = {4C082BE0-6638-4C31-AC83-252CFF8319D6}
	EndGlobalSection
EndGlobal
