
Microsoft Visual Studio Solution File, Format Version 12.00
# Visual Studio Version 17
VisualStudioVersion = 17.0.32014.148
MinimumVisualStudioVersion = 10.0.40219.1
Project("{9A19103F-16F7-4668-BE54-9A1E7A4F7556}") = "SampleApp", "SampleApp.csproj", "{297CA1E0-26B4-4BC9-8B47-8FF5E0C66E59}"
EndProject
Global
	GlobalSection(SolutionConfigurationPlatforms) = preSolution
		Debug|Any CPU = Debug|Any CPU
		Release|Any CPU = Release|Any CPU
	EndGlobalSection
	GlobalSection(ProjectConfigurationPlatforms) = postSolution
		{297CA1E0-26B4-4BC9-8B47-8FF5E0C66E59}.Debug|Any CPU.ActiveCfg = Debug|Any CPU
		{297CA1E0-26B4-4BC9-8B47-8FF5E0C66E59}.Debug|Any CPU.Build.0 = Debug|Any CPU
		{297CA1E0-26B4-4BC9-8B47-8FF5E0C66E59}.Release|Any CPU.ActiveCfg = Release|Any CPU
		{297CA1E0-26B4-4BC9-8B47-8FF5E0C66E59}.Release|Any CPU.Build.0 = Release|Any CPU
	EndGlobalSection
	GlobalSection(SolutionProperties) = preSolution
		HideSolutionNode = FALSE
	EndGlobalSection
	GlobalSection(ExtensibilityGlobals) = postSolution
		SolutionGuid = {A3673832-82FE-4F26-8FCB-C0A81A015707}
	EndGlobalSection
EndGlobal
